
Microsoft Visual Studio Solution File, Format Version 12.00
# Visual Studio 15
VisualStudioVersion = 15.0.28307.489
MinimumVisualStudioVersion = 10.0.40219.1
Project("{FAE04EC0-301F-11D3-BF4B-00C04F79EFBC}") = "Project2", "Project2\Project2.csproj", "{872A1A6D-B089-4D52-8B78-656840AA199E}"
EndProject
Global
	GlobalSection(SolutionConfigurationPlatforms) = preSolution
		Debug|Any CPU = Debug|Any CPU
		Release|Any CPU = Release|Any CPU
	EndGlobalSection
	GlobalSection(ProjectConfigurationPlatforms) = postSolution
		{872A1A6D-B089-4D52-8B78-656840AA199E}.Debug|Any CPU.ActiveCfg = Debug|Any CPU
		{872A1A6D-B089-4D52-8B78-656840AA199E}.Debug|Any CPU.Build.0 = Debug|Any CPU
		{872A1A6D-B089-4D52-8B78-656840AA199E}.Release|Any CPU.ActiveCfg = Release|Any CPU
		{872A1A6D-B089-4D52-8B78-656840AA199E}.Release|Any CPU.Build.0 = Release|Any CPU
	EndGlobalSection
	GlobalSection(SolutionProperties) = preSolution
		HideSolutionNode = FALSE
	EndGlobalSection
	GlobalSection(ExtensibilityGlobals) = postSolution
		SolutionGuid = {1CAE296E-2182-46C4-8FE7-DE1EA19EBFDA}
	EndGlobalSection
EndGlobal
